
Microsoft Visual Studio Solution File, Format Version 12.00
# Visual Studio Version 16
VisualStudioVersion = 16.0.29306.81
MinimumVisualStudioVersion = 10.0.40219.1
Project("{FAE04EC0-301F-11D3-BF4B-00C04F79EFBC}") = "PPE_3", "PPE_3\PPE_3.csproj", "{4C821F42-7FDD-4B5F-A8C9-432F41B166B1}"
EndProject
Global
	GlobalSection(SolutionConfigurationPlatforms) = preSolution
		Debug|Any CPU = Debug|Any CPU
		Release|Any CPU = Release|Any CPU
	EndGlobalSection
	GlobalSection(ProjectConfigurationPlatforms) = postSolution
		{4C821F42-7FDD-4B5F-A8C9-432F41B166B1}.Debug|Any CPU.ActiveCfg = Debug|Any CPU
		{4C821F42-7FDD-4B5F-A8C9-432F41B166B1}.Debug|Any CPU.Build.0 = Debug|Any CPU
		{4C821F42-7FDD-4B5F-A8C9-432F41B166B1}.Release|Any CPU.ActiveCfg = Release|Any CPU
		{4C821F42-7FDD-4B5F-A8C9-432F41B166B1}.Release|Any CPU.Build.0 = Release|Any CPU
	EndGlobalSection
	GlobalSection(SolutionProperties) = preSolution
		HideSolutionNode = FALSE
	EndGlobalSection
	GlobalSection(ExtensibilityGlobals) = postSolution
		SolutionGuid = {62097659-7DE9-4B31-8FC7-FC0414D49B00}
	EndGlobalSection
EndGlobal
